// !$*UTF8*$!
{
	archiveVersion = 1;
	classes = {
	};
	objectVersion = 46;
	objects = {

/* Begin PBXBuildFile section */
		0DABBB261EF813F9003138FF /* AppDelegate.swift in Sources */ = {isa = PBXBuildFile; fileRef = 0DABBB251EF813F9003138FF /* AppDelegate.swift */; };
		0DABBB281EF813F9003138FF /* ViewController.swift in Sources */ = {isa = PBXBuildFile; fileRef = 0DABBB271EF813F9003138FF /* ViewController.swift */; };
		0DABBB2B1EF813F9003138FF /* Main.storyboard in Resources */ = {isa = PBXBuildFile; fileRef = 0DABBB291EF813F9003138FF /* Main.storyboard */; };
		0DABBB2D1EF813F9003138FF /* Assets.xcassets in Resources */ = {isa = PBXBuildFile; fileRef = 0DABBB2C1EF813F9003138FF /* Assets.xcassets */; };
		0DABBB301EF813F9003138FF /* LaunchScreen.storyboard in Resources */ = {isa = PBXBuildFile; fileRef = 0DABBB2E1EF813F9003138FF /* LaunchScreen.storyboard */; };
		0DABBB3B1EF813FA003138FF /* Map_SwiftTests.swift in Sources */ = {isa = PBXBuildFile; fileRef = 0DABBB3A1EF813FA003138FF /* Map_SwiftTests.swift */; };
		0DABBB461EF813FA003138FF /* Map_SwiftUITests.swift in Sources */ = {isa = PBXBuildFile; fileRef = 0DABBB451EF813FA003138FF /* Map_SwiftUITests.swift */; };
/* End PBXBuildFile section */

/* Begin PBXContainerItemProxy section */
		0DABBB371EF813FA003138FF /* PBXContainerItemProxy */ = {
			isa = PBXContainerItemProxy;
			containerPortal = 0DABBB1A1EF813F9003138FF /* Project object */;
			proxyType = 1;
			remoteGlobalIDString = 0DABBB211EF813F9003138FF;
			remoteInfo = Map_Swift;
		};
		0DABBB421EF813FA003138FF /* PBXContainerItemProxy */ = {
			isa = PBXContainerItemProxy;
			containerPortal = 0DABBB1A1EF813F9003138FF /* Project object */;
			proxyType = 1;
			remoteGlobalIDString = 0DABBB211EF813F9003138FF;
			remoteInfo = Map_Swift;
		};
/* End PBXContainerItemProxy section */

/* Begin PBXFileReference section */
		0DABBB221EF813F9003138FF /* Map_Swift.app */ = {isa = PBXFileReference; explicitFileType = wrapper.application; includeInIndex = 0; path = Map_Swift.app; sourceTree = BUILT_PRODUCTS_DIR; };
		0DABBB251EF813F9003138FF /* AppDelegate.swift */ = {isa = PBXFileReference; lastKnownFileType = sourcecode.swift; path = AppDelegate.swift; sourceTree = "<group>"; };
		0DABBB271EF813F9003138FF /* ViewController.swift */ = {isa = PBXFileReference; lastKnownFileType = sourcecode.swift; path = ViewController.swift; sourceTree = "<group>"; };
		0DABBB2A1EF813F9003138FF /* Base */ = {isa = PBXFileReference; lastKnownFileType = file.storyboard; name = Base; path = Base.lproj/Main.storyboard; sourceTree = "<group>"; };
		0DABBB2C1EF813F9003138FF /* Assets.xcassets */ = {isa = PBXFileReference; lastKnownFileType = folder.assetcatalog; path = Assets.xcassets; sourceTree = "<group>"; };
		0DABBB2F1EF813F9003138FF /* Base */ = {isa = PBXFileReference; lastKnownFileType = file.storyboard; name = Base; path = Base.lproj/LaunchScreen.storyboard; sourceTree = "<group>"; };
		0DABBB311EF813F9003138FF /* Info.plist */ = {isa = PBXFileReference; lastKnownFileType = text.plist.xml; path = Info.plist; sourceTree = "<group>"; };
		0DABBB361EF813FA003138FF /* Map_SwiftTests.xctest */ = {isa = PBXFileReference; explicitFileType = wrapper.cfbundle; includeInIndex = 0; path = Map_SwiftTests.xctest; sourceTree = BUILT_PRODUCTS_DIR; };
		0DABBB3A1EF813FA003138FF /* Map_SwiftTests.swift */ = {isa = PBXFileReference; lastKnownFileType = sourcecode.swift; path = Map_SwiftTests.swift; sourceTree = "<group>"; };
		0DABBB3C1EF813FA003138FF /* Info.plist */ = {isa = PBXFileReference; lastKnownFileType = text.plist.xml; path = Info.plist; sourceTree = "<group>"; };
		0DABBB411EF813FA003138FF /* Map_SwiftUITests.xctest */ = {isa = PBXFileReference; explicitFileType = wrapper.cfbundle; includeInIndex = 0; path = Map_SwiftUITests.xctest; sourceTree = BUILT_PRODUCTS_DIR; };
		0DABBB451EF813FA003138FF /* Map_SwiftUITests.swift */ = {isa = PBXFileReference; lastKnownFileType = sourcecode.swift; path = Map_SwiftUITests.swift; sourceTree = "<group>"; };
		0DABBB471EF813FA003138FF /* Info.plist */ = {isa = PBXFileReference; lastKnownFileType = text.plist.xml; path = Info.plist; sourceTree = "<group>"; };
/* End PBXFileReference section */

/* Begin PBXFrameworksBuildPhase section */
		0DABBB1F1EF813F9003138FF /* Frameworks */ = {
			isa = PBXFrameworksBuildPhase;
			buildActionMask = 2147483647;
			files = (
			);
			runOnlyForDeploymentPostprocessing = 0;
		};
		0DABBB331EF813FA003138FF /* Frameworks */ = {
			isa = PBXFrameworksBuildPhase;
			buildActionMask = 2147483647;
			files = (
			);
			runOnlyForDeploymentPostprocessing = 0;
		};
		0DABBB3E1EF813FA003138FF /* Frameworks */ = {
			isa = PBXFrameworksBuildPhase;
			buildActionMask = 2147483647;
			files = (
			);
			runOnlyForDeploymentPostprocessing = 0;
		};
/* End PBXFrameworksBuildPhase section */

/* Begin PBXGroup section */
		0DABBB191EF813F9003138FF = {
			isa = PBXGroup;
			children = (
				0DABBB241EF813F9003138FF /* Map_Swift */,
				0DABBB391EF813FA003138FF /* Map_SwiftTests */,
				0DABBB441EF813FA003138FF /* Map_SwiftUITests */,
				0DABBB231EF813F9003138FF /* Products */,
			);
			sourceTree = "<group>";
		};
		0DABBB231EF813F9003138FF /* Products */ = {
			isa = PBXGroup;
			children = (
				0DABBB221EF813F9003138FF /* Map_Swift.app */,
				0DABBB361EF813FA003138FF /* Map_SwiftTests.xctest */,
				0DABBB411EF813FA003138FF /* Map_SwiftUITests.xctest */,
			);
			name = Products;
			sourceTree = "<group>";
		};
		0DABBB241EF813F9003138FF /* Map_Swift */ = {
			isa = PBXGroup;
			children = (
				0DABBB251EF813F9003138FF /* AppDelegate.swift */,
				0DABBB271EF813F9003138FF /* ViewController.swift */,
				0DABBB291EF813F9003138FF /* Main.storyboard */,
				0DABBB2C1EF813F9003138FF /* Assets.xcassets */,
				0DABBB2E1EF813F9003138FF /* LaunchScreen.storyboard */,
				0DABBB311EF813F9003138FF /* Info.plist */,
			);
			path = Map_Swift;
			sourceTree = "<group>";
		};
		0DABBB391EF813FA003138FF /* Map_SwiftTests */ = {
			isa = PBXGroup;
			children = (
				0DABBB3A1EF813FA003138FF /* Map_SwiftTests.swift */,
				0DABBB3C1EF813FA003138FF /* Info.plist */,
			);
			path = Map_SwiftTests;
			sourceTree = "<group>";
		};
		0DABBB441EF813FA003138FF /* Map_SwiftUITests */ = {
			isa = PBXGroup;
			children = (
				0DABBB451EF813FA003138FF /* Map_SwiftUITests.swift */,
				0DABBB471EF813FA003138FF /* Info.plist */,
			);
			path = Map_SwiftUITests;
			sourceTree = "<group>";
		};
/* End PBXGroup section */

/* Begin PBXNativeTarget section */
		0DABBB211EF813F9003138FF /* Map_Swift */ = {
			isa = PBXNativeTarget;
			buildConfigurationList = 0DABBB4A1EF813FA003138FF /* Build configuration list for PBXNativeTarget "Map_Swift" */;
			buildPhases = (
				0DABBB1E1EF813F9003138FF /* Sources */,
				0DABBB1F1EF813F9003138FF /* Frameworks */,
				0DABBB201EF813F9003138FF /* Resources */,
			);
			buildRules = (
			);
			dependencies = (
			);
			name = Map_Swift;
			productName = Map_Swift;
			productReference = 0DABBB221EF813F9003138FF /* Map_Swift.app */;
			productType = "com.apple.product-type.application";
		};
		0DABBB351EF813FA003138FF /* Map_SwiftTests */ = {
			isa = PBXNativeTarget;
			buildConfigurationList = 0DABBB4D1EF813FA003138FF /* Build configuration list for PBXNativeTarget "Map_SwiftTests" */;
			buildPhases = (
				0DABBB321EF813FA003138FF /* Sources */,
				0DABBB331EF813FA003138FF /* Frameworks */,
				0DABBB341EF813FA003138FF /* Resources */,
			);
			buildRules = (
			);
			dependencies = (
				0DABBB381EF813FA003138FF /* PBXTargetDependency */,
			);
			name = Map_SwiftTests;
			productName = Map_SwiftTests;
			productReference = 0DABBB361EF813FA003138FF /* Map_SwiftTests.xctest */;
			productType = "com.apple.product-type.bundle.unit-test";
		};
		0DABBB401EF813FA003138FF /* Map_SwiftUITests */ = {
			isa = PBXNativeTarget;
			buildConfigurationList = 0DABBB501EF813FA003138FF /* Build configuration list for PBXNativeTarget "Map_SwiftUITests" */;
			buildPhases = (
				0DABBB3D1EF813FA003138FF /* Sources */,
				0DABBB3E1EF813FA003138FF /* Frameworks */,
				0DABBB3F1EF813FA003138FF /* Resources */,
			);
			buildRules = (
			);
			dependencies = (
				0DABBB431EF813FA003138FF /* PBXTargetDependency */,
			);
			name = Map_SwiftUITests;
			productName = Map_SwiftUITests;
			productReference = 0DABBB411EF813FA003138FF /* Map_SwiftUITests.xctest */;
			productType = "com.apple.product-type.bundle.ui-testing";
		};
/* End PBXNativeTarget section */

/* Begin PBXProject section */
		0DABBB1A1EF813F9003138FF /* Project object */ = {
			isa = PBXProject;
			attributes = {
				LastSwiftUpdateCheck = 0830;
				LastUpgradeCheck = 0830;
				ORGANIZATIONNAME = Htrucci;
				TargetAttributes = {
					0DABBB211EF813F9003138FF = {
						CreatedOnToolsVersion = 8.3.3;
						DevelopmentTeam = Q2UX62D2K7;
						ProvisioningStyle = Automatic;
					};
					0DABBB351EF813FA003138FF = {
						CreatedOnToolsVersion = 8.3.3;
						DevelopmentTeam = Q2UX62D2K7;
						ProvisioningStyle = Automatic;
						TestTargetID = 0DABBB211EF813F9003138FF;
					};
					0DABBB401EF813FA003138FF = {
						CreatedOnToolsVersion = 8.3.3;
						DevelopmentTeam = Q2UX62D2K7;
						ProvisioningStyle = Automatic;
						TestTargetID = 0DABBB211EF813F9003138FF;
					};
				};
			};
			buildConfigurationList = 0DABBB1D1EF813F9003138FF /* Build configuration list for PBXProject "Map_Swift" */;
			compatibilityVersion = "Xcode 3.2";
			developmentRegion = English;
			hasScannedForEncodings = 0;
			knownRegions = (
				en,
				Base,
			);
			mainGroup = 0DABBB191EF813F9003138FF;
			productRefGroup = 0DABBB231EF813F9003138FF /* Products */;
			projectDirPath = "";
			projectRoot = "";
			targets = (
				0DABBB211EF813F9003138FF /* Map_Swift */,
				0DABBB351EF813FA003138FF /* Map_SwiftTests */,
				0DABBB401EF813FA003138FF /* Map_SwiftUITests */,
			);
		};
/* End PBXProject section */

/* Begin PBXResourcesBuildPhase section */
		0DABBB201EF813F9003138FF /* Resources */ = {
			isa = PBXResourcesBuildPhase;
			buildActionMask = 2147483647;
			files = (
				0DABBB301EF813F9003138FF /* LaunchScreen.storyboard in Resources */,
				0DABBB2D1EF813F9003138FF /* Assets.xcassets in Resources */,
				0DABBB2B1EF813F9003138FF /* Main.storyboard in Resources */,
			);
			runOnlyForDeploymentPostprocessing = 0;
		};
		0DABBB341EF813FA003138FF /* Resources */ = {
			isa = PBXResourcesBuildPhase;
			buildActionMask = 2147483647;
			files = (
			);
			runOnlyForDeploymentPostprocessing = 0;
		};
		0DABBB3F1EF813FA003138FF /* Resources */ = {
			isa = PBXResourcesBuildPhase;
			buildActionMask = 2147483647;
			files = (
			);
			runOnlyForDeploymentPostprocessing = 0;
		};
/* End PBXResourcesBuildPhase section */

/* Begin PBXSourcesBuildPhase section */
		0DABBB1E1EF813F9003138FF /* Sources */ = {
			isa = PBXSourcesBuildPhase;
			buildActionMask = 2147483647;
			files = (
				0DABBB281EF813F9003138FF /* ViewController.swift in Sources */,
				0DABBB261EF813F9003138FF /* AppDelegate.swift in Sources */,
			);
			runOnlyForDeploymentPostprocessing = 0;
		};
		0DABBB321EF813FA003138FF /* Sources */ = {
			isa = PBXSourcesBuildPhase;
			buildActionMask = 2147483647;
			files = (
				0DABBB3B1EF813FA003138FF /* Map_SwiftTests.swift in Sources */,
			);
			runOnlyForDeploymentPostprocessing = 0;
		};
		0DABBB3D1EF813FA003138FF /* Sources */ = {
			isa = PBXSourcesBuildPhase;
			buildActionMask = 2147483647;
			files = (
				0DABBB461EF813FA003138FF /* Map_SwiftUITests.swift in Sources */,
			);
			runOnlyForDeploymentPostprocessing = 0;
		};
/* End PBXSourcesBuildPhase section */

/* Begin PBXTargetDependency section */
		0DABBB381EF813FA003138FF /* PBXTargetDependency */ = {
			isa = PBXTargetDependency;
			target = 0DABBB211EF813F9003138FF /* Map_Swift */;
			targetProxy = 0DABBB371EF813FA003138FF /* PBXContainerItemProxy */;
		};
		0DABBB431EF813FA003138FF /* PBXTargetDependency */ = {
			isa = PBXTargetDependency;
			target = 0DABBB211EF813F9003138FF /* Map_Swift */;
			targetProxy = 0DABBB421EF813FA003138FF /* PBXContainerItemProxy */;
		};
/* End PBXTargetDependency section */

/* Begin PBXVariantGroup section */
		0DABBB291EF813F9003138FF /* Main.storyboard */ = {
			isa = PBXVariantGroup;
			children = (
				0DABBB2A1EF813F9003138FF /* Base */,
			);
			name = Main.storyboard;
			sourceTree = "<group>";
		};
		0DABBB2E1EF813F9003138FF /* LaunchScreen.storyboard */ = {
			isa = PBXVariantGroup;
			children = (
				0DABBB2F1EF813F9003138FF /* Base */,
			);
			name = LaunchScreen.storyboard;
			sourceTree = "<group>";
		};
/* End PBXVariantGroup section */

/* Begin XCBuildConfiguration section */
		0DABBB481EF813FA003138FF /* Debug */ = {
			isa = XCBuildConfiguration;
			buildSettings = {
				ALWAYS_SEARCH_USER_PATHS = NO;
				CLANG_ANALYZER_NONNULL = YES;
				CLANG_ANALYZER_NUMBER_OBJECT_CONVERSION = YES_AGGRESSIVE;
				CLANG_CXX_LANGUAGE_STANDARD = "gnu++0x";
				CLANG_CXX_LIBRARY = "libc++";
				CLANG_ENABLE_MODULES = YES;
				CLANG_ENABLE_OBJC_ARC = YES;
				CLANG_WARN_BOOL_CONVERSION = YES;
				CLANG_WARN_CONSTANT_CONVERSION = YES;
				CLANG_WARN_DIRECT_OBJC_ISA_USAGE = YES_ERROR;
				CLANG_WARN_DOCUMENTATION_COMMENTS = YES;
				CLANG_WARN_EMPTY_BODY = YES;
				CLANG_WARN_ENUM_CONVERSION = YES;
				CLANG_WARN_INFINITE_RECURSION = YES;
				CLANG_WARN_INT_CONVERSION = YES;
				CLANG_WARN_OBJC_ROOT_CLASS = YES_ERROR;
				CLANG_WARN_SUSPICIOUS_MOVE = YES;
				CLANG_WARN_UNREACHABLE_CODE = YES;
				CLANG_WARN__DUPLICATE_METHOD_MATCH = YES;
				"CODE_SIGN_IDENTITY[sdk=iphoneos*]" = "iPhone Developer";
				COPY_PHASE_STRIP = NO;
				DEBUG_INFORMATION_FORMAT = dwarf;
				ENABLE_STRICT_OBJC_MSGSEND = YES;
				ENABLE_TESTABILITY = YES;
				GCC_C_LANGUAGE_STANDARD = gnu99;
				GCC_DYNAMIC_NO_PIC = NO;
				GCC_NO_COMMON_BLOCKS = YES;
				GCC_OPTIMIZATION_LEVEL = 0;
				GCC_PREPROCESSOR_DEFINITIONS = (
					"DEBUG=1",
					"$(inherited)",
				);
				GCC_WARN_64_TO_32_BIT_CONVERSION = YES;
				GCC_WARN_ABOUT_RETURN_TYPE = YES_ERROR;
				GCC_WARN_UNDECLARED_SELECTOR = YES;
				GCC_WARN_UNINITIALIZED_AUTOS = YES_AGGRESSIVE;
				GCC_WARN_UNUSED_FUNCTION = YES;
				GCC_WARN_UNUSED_VARIABLE = YES;
				IPHONEOS_DEPLOYMENT_TARGET = 10.3;
				MTL_ENABLE_DEBUG_INFO = YES;
				ONLY_ACTIVE_ARCH = YES;
				SDKROOT = iphoneos;
				SWIFT_ACTIVE_COMPILATION_CONDITIONS = DEBUG;
				SWIFT_OPTIMIZATION_LEVEL = "-Onone";
				TARGETED_DEVICE_FAMILY = "1,2";
			};
			name = Debug;
		};
		0DABBB491EF813FA003138FF /* Release */ = {
			isa = XCBuildConfiguration;
			buildSettings = {
				ALWAYS_SEARCH_USER_PATHS = NO;
				CLANG_ANALYZER_NONNULL = YES;
				CLANG_ANALYZER_NUMBER_OBJECT_CONVERSION = YES_AGGRESSIVE;
				CLANG_CXX_LANGUAGE_STANDARD = "gnu++0x";
				CLANG_CXX_LIBRARY = "libc++";
				CLANG_ENABLE_MODULES = YES;
				CLANG_ENABLE_OBJC_ARC = YES;
				CLANG_WARN_BOOL_CONVERSION = YES;
				CLANG_WARN_CONSTANT_CONVERSION = YES;
				CLANG_WARN_DIRECT_OBJC_ISA_USAGE = YES_ERROR;
				CLANG_WARN_DOCUMENTATION_COMMENTS = YES;
				CLANG_WARN_EMPTY_BODY = YES;
				CLANG_WARN_ENUM_CONVERSION = YES;
				CLANG_WARN_INFINITE_RECURSION = YES;
				CLANG_WARN_INT_CONVERSION = YES;
				CLANG_WARN_OBJC_ROOT_CLASS = YES_ERROR;
				CLANG_WARN_SUSPICIOUS_MOVE = YES;
				CLANG_WARN_UNREACHABLE_CODE = YES;
				CLANG_WARN__DUPLICATE_METHOD_MATCH = YES;
				"CODE_SIGN_IDENTITY[sdk=iphoneos*]" = "iPhone Developer";
				COPY_PHASE_STRIP = NO;
				DEBUG_INFORMATION_FORMAT = "dwarf-with-dsym";
				ENABLE_NS_ASSERTIONS = NO;
				ENABLE_STRICT_OBJC_MSGSEND = YES;
				GCC_C_LANGUAGE_STANDARD = gnu99;
				GCC_NO_COMMON_BLOCKS = YES;
				GCC_WARN_64_TO_32_BIT_CONVERSION = YES;
				GCC_WARN_ABOUT_RETURN_TYPE = YES_ERROR;
				GCC_WARN_UNDECLARED_SELECTOR = YES;
				GCC_WARN_UNINITIALIZED_AUTOS = YES_AGGRESSIVE;
				GCC_WARN_UNUSED_FUNCTION = YES;
				GCC_WARN_UNUSED_VARIABLE = YES;
				IPHONEOS_DEPLOYMENT_TARGET = 10.3;
				MTL_ENABLE_DEBUG_INFO = NO;
				SDKROOT = iphoneos;
				SWIFT_OPTIMIZATION_LEVEL = "-Owholemodule";
				TARGETED_DEVICE_FAMILY = "1,2";
				VALIDATE_PRODUCT = YES;
			};
			name = Release;
		};
		0DABBB4B1EF813FA003138FF /* Debug */ = {
			isa = XCBuildConfiguration;
			buildSettings = {
				ASSETCATALOG_COMPILER_APPICON_NAME = AppIcon;
				DEVELOPMENT_TEAM = Q2UX62D2K7;
				INFOPLIST_FILE = Map_Swift/Info.plist;
				LD_RUNPATH_SEARCH_PATHS = "$(inherited) @executable_path/Frameworks";
				PRODUCT_BUNDLE_IDENTIFIER = "com.htrucci.Map-Swift";
				PRODUCT_NAME = "$(TARGET_NAME)";
				SWIFT_VERSION = 3.0;
			};
			name = Debug;
		};
		0DABBB4C1EF813FA003138FF /* Release */ = {
			isa = XCBuildConfiguration;
			buildSettings = {
				ASSETCATALOG_COMPILER_APPICON_NAME = AppIcon;
				DEVELOPMENT_TEAM = Q2UX62D2K7;
				INFOPLIST_FILE = Map_Swift/Info.plist;
				LD_RUNPATH_SEARCH_PATHS = "$(inherited) @executable_path/Frameworks";
				PRODUCT_BUNDLE_IDENTIFIER = "com.htrucci.Map-Swift";
				PRODUCT_NAME = "$(TARGET_NAME)";
				SWIFT_VERSION = 3.0;
			};
			name = Release;
		};
		0DABBB4E1EF813FA003138FF /* Debug */ = {
			isa = XCBuildConfiguration;
			buildSettings = {
				ALWAYS_EMBED_SWIFT_STANDARD_LIBRARIES = YES;
				BUNDLE_LOADER = "$(TEST_HOST)";
				DEVELOPMENT_TEAM = Q2UX62D2K7;
				INFOPLIST_FILE = Map_SwiftTests/Info.plist;
				LD_RUNPATH_SEARCH_PATHS = "$(inherited) @executable_path/Frameworks @loader_path/Frameworks";
				PRODUCT_BUNDLE_IDENTIFIER = "com.htrucci.Map-SwiftTests";
				PRODUCT_NAME = "$(TARGET_NAME)";
				SWIFT_VERSION = 3.0;
				TEST_HOST = "$(BUILT_PRODUCTS_DIR)/Map_Swift.app/Map_Swift";
			};
			name = Debug;
		};
		0DABBB4F1EF813FA003138FF /* Release */ = {
			isa = XCBuildConfiguration;
			buildSettings = {
				ALWAYS_EMBED_SWIFT_STANDARD_LIBRARIES = YES;
				BUNDLE_LOADER = "$(TEST_HOST)";
				DEVELOPMENT_TEAM = Q2UX62D2K7;
				INFOPLIST_FILE = Map_SwiftTests/Info.plist;
				LD_RUNPATH_SEARCH_PATHS = "$(inherited) @executable_path/Frameworks @loader_path/Frameworks";
				PRODUCT_BUNDLE_IDENTIFIER = "com.htrucci.Map-SwiftTests";
				PRODUCT_NAME = "$(TARGET_NAME)";
				SWIFT_VERSION = 3.0;
				TEST_HOST = "$(BUILT_PRODUCTS_DIR)/Map_Swift.app/Map_Swift";
			};
			name = Release;
		};
		0DABBB511EF813FA003138FF /* Debug */ = {
			isa = XCBuildConfiguration;
			buildSettings = {
				ALWAYS_EMBED_SWIFT_STANDARD_LIBRARIES = YES;
				DEVELOPMENT_TEAM = Q2UX62D2K7;
				INFOPLIST_FILE = Map_SwiftUITests/Info.plist;
				LD_RUNPATH_SEARCH_PATHS = "$(inherited) @executable_path/Frameworks @loader_path/Frameworks";
				PRODUCT_BUNDLE_IDENTIFIER = "com.htrucci.Map-SwiftUITests";
				PRODUCT_NAME = "$(TARGET_NAME)";
				SWIFT_VERSION = 3.0;
				TEST_TARGET_NAME = Map_Swift;
			};
			name = Debug;
		};
		0DABBB521EF813FA003138FF /* Release */ = {
			isa = XCBuildConfiguration;
			buildSettings = {
				ALWAYS_EMBED_SWIFT_STANDARD_LIBRARIES = YES;
				DEVELOPMENT_TEAM = Q2UX62D2K7;
				INFOPLIST_FILE = Map_SwiftUITests/Info.plist;
				LD_RUNPATH_SEARCH_PATHS = "$(inherited) @executable_path/Frameworks @loader_path/Frameworks";
				PRODUCT_BUNDLE_IDENTIFIER = "com.htrucci.Map-SwiftUITests";
				PRODUCT_NAME = "$(TARGET_NAME)";
				SWIFT_VERSION = 3.0;
				TEST_TARGET_NAME = Map_Swift;
			};
			name = Release;
		};
/* End XCBuildConfiguration section */

/* Begin XCConfigurationList section */
		0DABBB1D1EF813F9003138FF /* Build configuration list for PBXProject "Map_Swift" */ = {
			isa = XCConfigurationList;
			buildConfigurations = (
				0DABBB481EF813FA003138FF /* Debug */,
				0DABBB491EF813FA003138FF /* Release */,
			);
			defaultConfigurationIsVisible = 0;
			defaultConfigurationName = Release;
		};
		0DABBB4A1EF813FA003138FF /* Build configuration list for PBXNativeTarget "Map_Swift" */ = {
			isa = XCConfigurationList;
			buildConfigurations = (
				0DABBB4B1EF813FA003138FF /* Debug */,
				0DABBB4C1EF813FA003138FF /* Release */,
			);
			defaultConfigurationIsVisible = 0;
		};
		0DABBB4D1EF813FA003138FF /* Build configuration list for PBXNativeTarget "Map_SwiftTests" */ = {
			isa = XCConfigurationList;
			buildConfigurations = (
				0DABBB4E1EF813FA003138FF /* Debug */,
				0DABBB4F1EF813FA003138FF /* Release */,
			);
			defaultConfigurationIsVisible = 0;
		};
		0DABBB501EF813FA003138FF /* Build configuration list for PBXNativeTarget "Map_SwiftUITests" */ = {
			isa = XCConfigurationList;
			buildConfigurations = (
				0DABBB511EF813FA003138FF /* Debug */,
				0DABBB521EF813FA003138FF /* Release */,
			);
			defaultConfigurationIsVisible = 0;
		};
/* End XCConfigurationList section */
	};
	rootObject = 0DABBB1A1EF813F9003138FF /* Project object */;
}
